// !$*UTF8*$!
{
	archiveVersion = 1;
	classes = {
	};
	objectVersion = 46;
	objects = {

/* Begin PBXBuildFile section */
		320F276D1A3238A4007F4D85 /* main.m in Sources */ = {isa = PBXBuildFile; fileRef = 320F276C1A3238A4007F4D85 /* main.m */; };
		320F27701A3238A4007F4D85 /* AppDelegate.m in Sources */ = {isa = PBXBuildFile; fileRef = 320F276F1A3238A4007F4D85 /* AppDelegate.m */; };
		320F27731A3238A4007F4D85 /* Example.xcdatamodeld in Sources */ = {isa = PBXBuildFile; fileRef = 320F27711A3238A4007F4D85 /* Example.xcdatamodeld */; };
		320F27761A3238A4007F4D85 /* ViewController.m in Sources */ = {isa = PBXBuildFile; fileRef = 320F27751A3238A4007F4D85 /* ViewController.m */; };
		320F27791A3238A4007F4D85 /* Main.storyboard in Resources */ = {isa = PBXBuildFile; fileRef = 320F27771A3238A4007F4D85 /* Main.storyboard */; };
		320F277B1A3238A4007F4D85 /* Images.xcassets in Resources */ = {isa = PBXBuildFile; fileRef = 320F277A1A3238A4007F4D85 /* Images.xcassets */; };
		320F277E1A3238A4007F4D85 /* LaunchScreen.xib in Resources */ = {isa = PBXBuildFile; fileRef = 320F277C1A3238A4007F4D85 /* LaunchScreen.xib */; };
		320F278A1A3238A4007F4D85 /* ExampleTests.m in Sources */ = {isa = PBXBuildFile; fileRef = 320F27891A3238A4007F4D85 /* ExampleTests.m */; };
		320F27A41A32425E007F4D85 /* Company.m in Sources */ = {isa = PBXBuildFile; fileRef = 320F27A31A32425E007F4D85 /* Company.m */; };
		320F27A71A32425F007F4D85 /* Employee.m in Sources */ = {isa = PBXBuildFile; fileRef = 320F27A61A32425F007F4D85 /* Employee.m */; };
		FE1B0F0028DC885EF534B0FD /* libPods.a in Frameworks */ = {isa = PBXBuildFile; fileRef = 548599679FF1DFE34EA80159 /* libPods.a */; };
/* End PBXBuildFile section */

/* Begin PBXContainerItemProxy section */
		320F27841A3238A4007F4D85 /* PBXContainerItemProxy */ = {
			isa = PBXContainerItemProxy;
			containerPortal = 320F275F1A3238A3007F4D85 /* Project object */;
			proxyType = 1;
			remoteGlobalIDString = 320F27661A3238A4007F4D85;
			remoteInfo = Example;
		};
/* End PBXContainerItemProxy section */

/* Begin PBXFileReference section */
		320F27671A3238A4007F4D85 /* Example.app */ = {isa = PBXFileReference; explicitFileType = wrapper.application; includeInIndex = 0; path = Example.app; sourceTree = BUILT_PRODUCTS_DIR; };
		320F276B1A3238A4007F4D85 /* Info.plist */ = {isa = PBXFileReference; lastKnownFileType = text.plist.xml; path = Info.plist; sourceTree = "<group>"; };
		320F276C1A3238A4007F4D85 /* main.m */ = {isa = PBXFileReference; lastKnownFileType = sourcecode.c.objc; path = main.m; sourceTree = "<group>"; };
		320F276E1A3238A4007F4D85 /* AppDelegate.h */ = {isa = PBXFileReference; lastKnownFileType = sourcecode.c.h; path = AppDelegate.h; sourceTree = "<group>"; };
		320F276F1A3238A4007F4D85 /* AppDelegate.m */ = {isa = PBXFileReference; lastKnownFileType = sourcecode.c.objc; path = AppDelegate.m; sourceTree = "<group>"; };
		320F27721A3238A4007F4D85 /* Example.xcdatamodel */ = {isa = PBXFileReference; lastKnownFileType = wrapper.xcdatamodel; path = Example.xcdatamodel; sourceTree = "<group>"; };
		320F27741A3238A4007F4D85 /* ViewController.h */ = {isa = PBXFileReference; lastKnownFileType = sourcecode.c.h; path = ViewController.h; sourceTree = "<group>"; };
		320F27751A3238A4007F4D85 /* ViewController.m */ = {isa = PBXFileReference; lastKnownFileType = sourcecode.c.objc; path = ViewController.m; sourceTree = "<group>"; };
		320F27781A3238A4007F4D85 /* Base */ = {isa = PBXFileReference; lastKnownFileType = file.storyboard; name = Base; path = Base.lproj/Main.storyboard; sourceTree = "<group>"; };
		320F277A1A3238A4007F4D85 /* Images.xcassets */ = {isa = PBXFileReference; lastKnownFileType = folder.assetcatalog; path = Images.xcassets; sourceTree = "<group>"; };
		320F277D1A3238A4007F4D85 /* Base */ = {isa = PBXFileReference; lastKnownFileType = file.xib; name = Base; path = Base.lproj/LaunchScreen.xib; sourceTree = "<group>"; };
		320F27831A3238A4007F4D85 /* ExampleTests.xctest */ = {isa = PBXFileReference; explicitFileType = wrapper.cfbundle; includeInIndex = 0; path = ExampleTests.xctest; sourceTree = BUILT_PRODUCTS_DIR; };
		320F27881A3238A4007F4D85 /* Info.plist */ = {isa = PBXFileReference; lastKnownFileType = text.plist.xml; path = Info.plist; sourceTree = "<group>"; };
		320F27891A3238A4007F4D85 /* ExampleTests.m */ = {isa = PBXFileReference; lastKnownFileType = sourcecode.c.objc; path = ExampleTests.m; sourceTree = "<group>"; };
		320F27A21A32425E007F4D85 /* Company.h */ = {isa = PBXFileReference; fileEncoding = 4; lastKnownFileType = sourcecode.c.h; path = Company.h; sourceTree = "<group>"; };
		320F27A31A32425E007F4D85 /* Company.m */ = {isa = PBXFileReference; fileEncoding = 4; lastKnownFileType = sourcecode.c.objc; path = Company.m; sourceTree = "<group>"; };
		320F27A51A32425F007F4D85 /* Employee.h */ = {isa = PBXFileReference; fileEncoding = 4; lastKnownFileType = sourcecode.c.h; path = Employee.h; sourceTree = "<group>"; };
		320F27A61A32425F007F4D85 /* Employee.m */ = {isa = PBXFileReference; fileEncoding = 4; lastKnownFileType = sourcecode.c.objc; path = Employee.m; sourceTree = "<group>"; };
		548599679FF1DFE34EA80159 /* libPods.a */ = {isa = PBXFileReference; explicitFileType = archive.ar; includeInIndex = 0; path = libPods.a; sourceTree = BUILT_PRODUCTS_DIR; };
		71C3CA12CAADDDC207F7C10B /* Pods.debug.xcconfig */ = {isa = PBXFileReference; includeInIndex = 1; lastKnownFileType = text.xcconfig; name = Pods.debug.xcconfig; path = "Pods/Target Support Files/Pods/Pods.debug.xcconfig"; sourceTree = "<group>"; };
		FDE105CFD191CC7FFD40BE83 /* Pods.release.xcconfig */ = {isa = PBXFileReference; includeInIndex = 1; lastKnownFileType = text.xcconfig; name = Pods.release.xcconfig; path = "Pods/Target Support Files/Pods/Pods.release.xcconfig"; sourceTree = "<group>"; };
/* End PBXFileReference section */

/* Begin PBXFrameworksBuildPhase section */
		320F27641A3238A4007F4D85 /* Frameworks */ = {
			isa = PBXFrameworksBuildPhase;
			buildActionMask = 2147483647;
			files = (
				FE1B0F0028DC885EF534B0FD /* libPods.a in Frameworks */,
			);
			runOnlyForDeploymentPostprocessing = 0;
		};
		320F27801A3238A4007F4D85 /* Frameworks */ = {
			isa = PBXFrameworksBuildPhase;
			buildActionMask = 2147483647;
			files = (
			);
			runOnlyForDeploymentPostprocessing = 0;
		};
/* End PBXFrameworksBuildPhase section */

/* Begin PBXGroup section */
		320F275E1A3238A3007F4D85 = {
			isa = PBXGroup;
			children = (
				320F27691A3238A4007F4D85 /* Example */,
				320F27861A3238A4007F4D85 /* ExampleTests */,
				320F27681A3238A4007F4D85 /* Products */,
				DC90E0971286190A0F380419 /* Pods */,
				775298A0E45B5D5C72FA36C0 /* Frameworks */,
			);
			sourceTree = "<group>";
		};
		320F27681A3238A4007F4D85 /* Products */ = {
			isa = PBXGroup;
			children = (
				320F27671A3238A4007F4D85 /* Example.app */,
				320F27831A3238A4007F4D85 /* ExampleTests.xctest */,
			);
			name = Products;
			sourceTree = "<group>";
		};
		320F27691A3238A4007F4D85 /* Example */ = {
			isa = PBXGroup;
			children = (
				320F276E1A3238A4007F4D85 /* AppDelegate.h */,
				320F276F1A3238A4007F4D85 /* AppDelegate.m */,
				320F27A21A32425E007F4D85 /* Company.h */,
				320F27A31A32425E007F4D85 /* Company.m */,
				320F27A51A32425F007F4D85 /* Employee.h */,
				320F27A61A32425F007F4D85 /* Employee.m */,
				320F27711A3238A4007F4D85 /* Example.xcdatamodeld */,
				320F277A1A3238A4007F4D85 /* Images.xcassets */,
				320F277C1A3238A4007F4D85 /* LaunchScreen.xib */,
				320F27771A3238A4007F4D85 /* Main.storyboard */,
				320F276A1A3238A4007F4D85 /* Supporting Files */,
				320F27741A3238A4007F4D85 /* ViewController.h */,
				320F27751A3238A4007F4D85 /* ViewController.m */,
			);
			path = Example;
			sourceTree = "<group>";
		};
		320F276A1A3238A4007F4D85 /* Supporting Files */ = {
			isa = PBXGroup;
			children = (
				320F276B1A3238A4007F4D85 /* Info.plist */,
				320F276C1A3238A4007F4D85 /* main.m */,
			);
			name = "Supporting Files";
			sourceTree = "<group>";
		};
		320F27861A3238A4007F4D85 /* ExampleTests */ = {
			isa = PBXGroup;
			children = (
				320F27891A3238A4007F4D85 /* ExampleTests.m */,
				320F27871A3238A4007F4D85 /* Supporting Files */,
			);
			path = ExampleTests;
			sourceTree = "<group>";
		};
		320F27871A3238A4007F4D85 /* Supporting Files */ = {
			isa = PBXGroup;
			children = (
				320F27881A3238A4007F4D85 /* Info.plist */,
			);
			name = "Supporting Files";
			sourceTree = "<group>";
		};
		775298A0E45B5D5C72FA36C0 /* Frameworks */ = {
			isa = PBXGroup;
			children = (
				548599679FF1DFE34EA80159 /* libPods.a */,
			);
			name = Frameworks;
			sourceTree = "<group>";
		};
		DC90E0971286190A0F380419 /* Pods */ = {
			isa = PBXGroup;
			children = (
				71C3CA12CAADDDC207F7C10B /* Pods.debug.xcconfig */,
				FDE105CFD191CC7FFD40BE83 /* Pods.release.xcconfig */,
			);
			name = Pods;
			sourceTree = "<group>";
		};
/* End PBXGroup section */

/* Begin PBXNativeTarget section */
		320F27661A3238A4007F4D85 /* Example */ = {
			isa = PBXNativeTarget;
			buildConfigurationList = 320F278D1A3238A4007F4D85 /* Build configuration list for PBXNativeTarget "Example" */;
			buildPhases = (
				91A4457EC31FC36404FE0C01 /* Check Pods Manifest.lock */,
				320F27631A3238A4007F4D85 /* Sources */,
				320F27641A3238A4007F4D85 /* Frameworks */,
				320F27651A3238A4007F4D85 /* Resources */,
				0266776BC68F3CBA2E79420D /* Copy Pods Resources */,
			);
			buildRules = (
			);
			dependencies = (
			);
			name = Example;
			productName = Example;
			productReference = 320F27671A3238A4007F4D85 /* Example.app */;
			productType = "com.apple.product-type.application";
		};
		320F27821A3238A4007F4D85 /* ExampleTests */ = {
			isa = PBXNativeTarget;
			buildConfigurationList = 320F27901A3238A4007F4D85 /* Build configuration list for PBXNativeTarget "ExampleTests" */;
			buildPhases = (
				320F277F1A3238A4007F4D85 /* Sources */,
				320F27801A3238A4007F4D85 /* Frameworks */,
				320F27811A3238A4007F4D85 /* Resources */,
			);
			buildRules = (
			);
			dependencies = (
				320F27851A3238A4007F4D85 /* PBXTargetDependency */,
			);
			name = ExampleTests;
			productName = ExampleTests;
			productReference = 320F27831A3238A4007F4D85 /* ExampleTests.xctest */;
			productType = "com.apple.product-type.bundle.unit-test";
		};
/* End PBXNativeTarget section */

/* Begin PBXProject section */
		320F275F1A3238A3007F4D85 /* Project object */ = {
			isa = PBXProject;
			attributes = {
				CLASSPREFIX = RST;
				LastUpgradeCheck = 0610;
				ORGANIZATIONNAME = "Rosetta Stone";
				TargetAttributes = {
					320F27661A3238A4007F4D85 = {
						CreatedOnToolsVersion = 6.1.1;
					};
					320F27821A3238A4007F4D85 = {
						CreatedOnToolsVersion = 6.1.1;
						TestTargetID = 320F27661A3238A4007F4D85;
					};
				};
			};
			buildConfigurationList = 320F27621A3238A3007F4D85 /* Build configuration list for PBXProject "Example" */;
			compatibilityVersion = "Xcode 3.2";
			developmentRegion = English;
			hasScannedForEncodings = 0;
			knownRegions = (
				en,
				Base,
			);
			mainGroup = 320F275E1A3238A3007F4D85;
			productRefGroup = 320F27681A3238A4007F4D85 /* Products */;
			projectDirPath = "";
			projectRoot = "";
			targets = (
				320F27661A3238A4007F4D85 /* Example */,
				320F27821A3238A4007F4D85 /* ExampleTests */,
			);
		};
/* End PBXProject section */

/* Begin PBXResourcesBuildPhase section */
		320F27651A3238A4007F4D85 /* Resources */ = {
			isa = PBXResourcesBuildPhase;
			buildActionMask = 2147483647;
			files = (
				320F27791A3238A4007F4D85 /* Main.storyboard in Resources */,
				320F277E1A3238A4007F4D85 /* LaunchScreen.xib in Resources */,
				320F277B1A3238A4007F4D85 /* Images.xcassets in Resources */,
			);
			runOnlyForDeploymentPostprocessing = 0;
		};
		320F27811A3238A4007F4D85 /* Resources */ = {
			isa = PBXResourcesBuildPhase;
			buildActionMask = 2147483647;
			files = (
			);
			runOnlyForDeploymentPostprocessing = 0;
		};
/* End PBXResourcesBuildPhase section */

/* Begin PBXShellScriptBuildPhase section */
		0266776BC68F3CBA2E79420D /* Copy Pods Resources */ = {
			isa = PBXShellScriptBuildPhase;
			buildActionMask = 2147483647;
			files = (
			);
			inputPaths = (
			);
			name = "Copy Pods Resources";
			outputPaths = (
			);
			runOnlyForDeploymentPostprocessing = 0;
			shellPath = /bin/sh;
			shellScript = "\"${SRCROOT}/Pods/Target Support Files/Pods/Pods-resources.sh\"\n";
			showEnvVarsInLog = 0;
		};
		91A4457EC31FC36404FE0C01 /* Check Pods Manifest.lock */ = {
			isa = PBXShellScriptBuildPhase;
			buildActionMask = 2147483647;
			files = (
			);
			inputPaths = (
			);
			name = "Check Pods Manifest.lock";
			outputPaths = (
			);
			runOnlyForDeploymentPostprocessing = 0;
			shellPath = /bin/sh;
			shellScript = "diff \"${PODS_ROOT}/../Podfile.lock\" \"${PODS_ROOT}/Manifest.lock\" > /dev/null\nif [[ $? != 0 ]] ; then\n    cat << EOM\nerror: The sandbox is not in sync with the Podfile.lock. Run 'pod install' or update your CocoaPods installation.\nEOM\n    exit 1\nfi\n";
			showEnvVarsInLog = 0;
		};
/* End PBXShellScriptBuildPhase section */

/* Begin PBXSourcesBuildPhase section */
		320F27631A3238A4007F4D85 /* Sources */ = {
			isa = PBXSourcesBuildPhase;
			buildActionMask = 2147483647;
			files = (
				320F27701A3238A4007F4D85 /* AppDelegate.m in Sources */,
				320F27A41A32425E007F4D85 /* Company.m in Sources */,
				320F27731A3238A4007F4D85 /* Example.xcdatamodeld in Sources */,
				320F27A71A32425F007F4D85 /* Employee.m in Sources */,
				320F27761A3238A4007F4D85 /* ViewController.m in Sources */,
				320F276D1A3238A4007F4D85 /* main.m in Sources */,
			);
			runOnlyForDeploymentPostprocessing = 0;
		};
		320F277F1A3238A4007F4D85 /* Sources */ = {
			isa = PBXSourcesBuildPhase;
			buildActionMask = 2147483647;
			files = (
				320F278A1A3238A4007F4D85 /* ExampleTests.m in Sources */,
			);
			runOnlyForDeploymentPostprocessing = 0;
		};
/* End PBXSourcesBuildPhase section */

/* Begin PBXTargetDependency section */
		320F27851A3238A4007F4D85 /* PBXTargetDependency */ = {
			isa = PBXTargetDependency;
			target = 320F27661A3238A4007F4D85 /* Example */;
			targetProxy = 320F27841A3238A4007F4D85 /* PBXContainerItemProxy */;
		};
/* End PBXTargetDependency section */

/* Begin PBXVariantGroup section */
		320F27771A3238A4007F4D85 /* Main.storyboard */ = {
			isa = PBXVariantGroup;
			children = (
				320F27781A3238A4007F4D85 /* Base */,
			);
			name = Main.storyboard;
			sourceTree = "<group>";
		};
		320F277C1A3238A4007F4D85 /* LaunchScreen.xib */ = {
			isa = PBXVariantGroup;
			children = (
				320F277D1A3238A4007F4D85 /* Base */,
			);
			name = LaunchScreen.xib;
			sourceTree = "<group>";
		};
/* End PBXVariantGroup section */

/* Begin XCBuildConfiguration section */
		320F278B1A3238A4007F4D85 /* Debug */ = {
			isa = XCBuildConfiguration;
			buildSettings = {
				ALWAYS_SEARCH_USER_PATHS = NO;
				CLANG_CXX_LANGUAGE_STANDARD = "gnu++0x";
				CLANG_CXX_LIBRARY = "libc++";
				CLANG_ENABLE_MODULES = YES;
				CLANG_ENABLE_OBJC_ARC = YES;
				CLANG_WARN_BOOL_CONVERSION = YES;
				CLANG_WARN_CONSTANT_CONVERSION = YES;
				CLANG_WARN_DIRECT_OBJC_ISA_USAGE = YES_ERROR;
				CLANG_WARN_EMPTY_BODY = YES;
				CLANG_WARN_ENUM_CONVERSION = YES;
				CLANG_WARN_INT_CONVERSION = YES;
				CLANG_WARN_OBJC_ROOT_CLASS = YES_ERROR;
				CLANG_WARN_UNREACHABLE_CODE = YES;
				CLANG_WARN__DUPLICATE_METHOD_MATCH = YES;
				"CODE_SIGN_IDENTITY[sdk=iphoneos*]" = "iPhone Developer";
				COPY_PHASE_STRIP = NO;
				ENABLE_STRICT_OBJC_MSGSEND = YES;
				GCC_C_LANGUAGE_STANDARD = gnu99;
				GCC_DYNAMIC_NO_PIC = NO;
				GCC_OPTIMIZATION_LEVEL = 0;
				GCC_PREPROCESSOR_DEFINITIONS = (
					"DEBUG=1",
					"$(inherited)",
				);
				GCC_SYMBOLS_PRIVATE_EXTERN = NO;
				GCC_WARN_64_TO_32_BIT_CONVERSION = YES;
				GCC_WARN_ABOUT_RETURN_TYPE = YES_ERROR;
				GCC_WARN_UNDECLARED_SELECTOR = YES;
				GCC_WARN_UNINITIALIZED_AUTOS = YES_AGGRESSIVE;
				GCC_WARN_UNUSED_FUNCTION = YES;
				GCC_WARN_UNUSED_VARIABLE = YES;
				IPHONEOS_DEPLOYMENT_TARGET = 8.1;
				MTL_ENABLE_DEBUG_INFO = YES;
				ONLY_ACTIVE_ARCH = YES;
				SDKROOT = iphoneos;
				TARGETED_DEVICE_FAMILY = "1,2";
			};
			name = Debug;
		};
		320F278C1A3238A4007F4D85 /* Release */ = {
			isa = XCBuildConfiguration;
			buildSettings = {
				ALWAYS_SEARCH_USER_PATHS = NO;
				CLANG_CXX_LANGUAGE_STANDARD = "gnu++0x";
				CLANG_CXX_LIBRARY = "libc++";
				CLANG_ENABLE_MODULES = YES;
				CLANG_ENABLE_OBJC_ARC = YES;
				CLANG_WARN_BOOL_CONVERSION = YES;
				CLANG_WARN_CONSTANT_CONVERSION = YES;
				CLANG_WARN_DIRECT_OBJC_ISA_USAGE = YES_ERROR;
				CLANG_WARN_EMPTY_BODY = YES;
				CLANG_WARN_ENUM_CONVERSION = YES;
				CLANG_WARN_INT_CONVERSION = YES;
				CLANG_WARN_OBJC_ROOT_CLASS = YES_ERROR;
				CLANG_WARN_UNREACHABLE_CODE = YES;
				CLANG_WARN__DUPLICATE_METHOD_MATCH = YES;
				"CODE_SIGN_IDENTITY[sdk=iphoneos*]" = "iPhone Developer";
				COPY_PHASE_STRIP = YES;
				ENABLE_NS_ASSERTIONS = NO;
				ENABLE_STRICT_OBJC_MSGSEND = YES;
				GCC_C_LANGUAGE_STANDARD = gnu99;
				GCC_WARN_64_TO_32_BIT_CONVERSION = YES;
				GCC_WARN_ABOUT_RETURN_TYPE = YES_ERROR;
				GCC_WARN_UNDECLARED_SELECTOR = YES;
				GCC_WARN_UNINITIALIZED_AUTOS = YES_AGGRESSIVE;
				GCC_WARN_UNUSED_FUNCTION = YES;
				GCC_WARN_UNUSED_VARIABLE = YES;
				IPHONEOS_DEPLOYMENT_TARGET = 8.1;
				MTL_ENABLE_DEBUG_INFO = NO;
				SDKROOT = iphoneos;
				TARGETED_DEVICE_FAMILY = "1,2";
				VALIDATE_PRODUCT = YES;
			};
			name = Release;
		};
		320F278E1A3238A4007F4D85 /* Debug */ = {
			isa = XCBuildConfiguration;
			baseConfigurationReference = 71C3CA12CAADDDC207F7C10B /* Pods.debug.xcconfig */;
			buildSettings = {
				ASSETCATALOG_COMPILER_APPICON_NAME = AppIcon;
				INFOPLIST_FILE = Example/Info.plist;
				LD_RUNPATH_SEARCH_PATHS = "$(inherited) @executable_path/Frameworks";
				PRODUCT_NAME = "$(TARGET_NAME)";
			};
			name = Debug;
		};
		320F278F1A3238A4007F4D85 /* Release */ = {
			isa = XCBuildConfiguration;
			baseConfigurationReference = FDE105CFD191CC7FFD40BE83 /* Pods.release.xcconfig */;
			buildSettings = {
				ASSETCATALOG_COMPILER_APPICON_NAME = AppIcon;
				INFOPLIST_FILE = Example/Info.plist;
				LD_RUNPATH_SEARCH_PATHS = "$(inherited) @executable_path/Frameworks";
				PRODUCT_NAME = "$(TARGET_NAME)";
			};
			name = Release;
		};
		320F27911A3238A4007F4D85 /* Debug */ = {
			isa = XCBuildConfiguration;
			buildSettings = {
				BUNDLE_LOADER = "$(TEST_HOST)";
				FRAMEWORK_SEARCH_PATHS = (
					"$(SDKROOT)/Developer/Library/Frameworks",
					"$(inherited)",
				);
				GCC_PREPROCESSOR_DEFINITIONS = (
					"DEBUG=1",
					"$(inherited)",
				);
				INFOPLIST_FILE = ExampleTests/Info.plist;
				LD_RUNPATH_SEARCH_PATHS = "$(inherited) @executable_path/Frameworks @loader_path/Frameworks";
				PRODUCT_NAME = "$(TARGET_NAME)";
				TEST_HOST = "$(BUILT_PRODUCTS_DIR)/Example.app/Example";
			};
			name = Debug;
		};
		320F27921A3238A4007F4D85 /* Release */ = {
			isa = XCBuildConfiguration;
			buildSettings = {
				BUNDLE_LOADER = "$(TEST_HOST)";
				FRAMEWORK_SEARCH_PATHS = (
					"$(SDKROOT)/Developer/Library/Frameworks",
					"$(inherited)",
				);
				INFOPLIST_FILE = ExampleTests/Info.plist;
				LD_RUNPATH_SEARCH_PATHS = "$(inherited) @executable_path/Frameworks @loader_path/Frameworks";
				PRODUCT_NAME = "$(TARGET_NAME)";
				TEST_HOST = "$(BUILT_PRODUCTS_DIR)/Example.app/Example";
			};
			name = Release;
		};
/* End XCBuildConfiguration section */

/* Begin XCConfigurationList section */
		320F27621A3238A3007F4D85 /* Build configuration list for PBXProject "Example" */ = {
			isa = XCConfigurationList;
			buildConfigurations = (
				320F278B1A3238A4007F4D85 /* Debug */,
				320F278C1A3238A4007F4D85 /* Release */,
			);
			defaultConfigurationIsVisible = 0;
			defaultConfigurationName = Release;
		};
		320F278D1A3238A4007F4D85 /* Build configuration list for PBXNativeTarget "Example" */ = {
			isa = XCConfigurationList;
			buildConfigurations = (
				320F278E1A3238A4007F4D85 /* Debug */,
				320F278F1A3238A4007F4D85 /* Release */,
			);
			defaultConfigurationIsVisible = 0;
			defaultConfigurationName = Release;
		};
		320F27901A3238A4007F4D85 /* Build configuration list for PBXNativeTarget "ExampleTests" */ = {
			isa = XCConfigurationList;
			buildConfigurations = (
				320F27911A3238A4007F4D85 /* Debug */,
				320F27921A3238A4007F4D85 /* Release */,
			);
			defaultConfigurationIsVisible = 0;
			defaultConfigurationName = Release;
		};
/* End XCConfigurationList section */

/* Begin XCVersionGroup section */
		320F27711A3238A4007F4D85 /* Example.xcdatamodeld */ = {
			isa = XCVersionGroup;
			children = (
				320F27721A3238A4007F4D85 /* Example.xcdatamodel */,
			);
			currentVersion = 320F27721A3238A4007F4D85 /* Example.xcdatamodel */;
			path = Example.xcdatamodeld;
			sourceTree = "<group>";
			versionGroupType = wrapper.xcdatamodel;
		};
/* End XCVersionGroup section */
	};
	rootObject = 320F275F1A3238A3007F4D85 /* Project object */;
}
