// !$*UTF8*$!
{
	archiveVersion = 1;
	classes = {
	};
	objectVersion = 46;
	objects = {

/* Begin PBXBuildFile section */
		321EC5801A2E35EB0069C2C1 /* main.m in Sources */ = {isa = PBXBuildFile; fileRef = 321EC57F1A2E35EB0069C2C1 /* main.m */; };
		321EC5831A2E35EB0069C2C1 /* AppDelegate.m in Sources */ = {isa = PBXBuildFile; fileRef = 321EC5821A2E35EB0069C2C1 /* AppDelegate.m */; };
		321EC5861A2E35EB0069C2C1 /* Example.xcdatamodeld in Sources */ = {isa = PBXBuildFile; fileRef = 321EC5841A2E35EB0069C2C1 /* Example.xcdatamodeld */; };
		321EC5891A2E35EB0069C2C1 /* ViewController.m in Sources */ = {isa = PBXBuildFile; fileRef = 321EC5881A2E35EB0069C2C1 /* ViewController.m */; };
		321EC58C1A2E35EB0069C2C1 /* Main.storyboard in Resources */ = {isa = PBXBuildFile; fileRef = 321EC58A1A2E35EB0069C2C1 /* Main.storyboard */; };
		321EC58E1A2E35EB0069C2C1 /* Images.xcassets in Resources */ = {isa = PBXBuildFile; fileRef = 321EC58D1A2E35EB0069C2C1 /* Images.xcassets */; };
		321EC5911A2E35EB0069C2C1 /* LaunchScreen.xib in Resources */ = {isa = PBXBuildFile; fileRef = 321EC58F1A2E35EB0069C2C1 /* LaunchScreen.xib */; };
		321EC59D1A2E35EB0069C2C1 /* ExampleTests.m in Sources */ = {isa = PBXBuildFile; fileRef = 321EC59C1A2E35EB0069C2C1 /* ExampleTests.m */; };
/* End PBXBuildFile section */

/* Begin PBXContainerItemProxy section */
		321EC5971A2E35EB0069C2C1 /* PBXContainerItemProxy */ = {
			isa = PBXContainerItemProxy;
			containerPortal = 321EC5721A2E35EA0069C2C1 /* Project object */;
			proxyType = 1;
			remoteGlobalIDString = 321EC5791A2E35EB0069C2C1;
			remoteInfo = Example;
		};
/* End PBXContainerItemProxy section */

/* Begin PBXFileReference section */
		321EC57A1A2E35EB0069C2C1 /* Example.app */ = {isa = PBXFileReference; explicitFileType = wrapper.application; includeInIndex = 0; path = Example.app; sourceTree = BUILT_PRODUCTS_DIR; };
		321EC57E1A2E35EB0069C2C1 /* Info.plist */ = {isa = PBXFileReference; lastKnownFileType = text.plist.xml; path = Info.plist; sourceTree = "<group>"; };
		321EC57F1A2E35EB0069C2C1 /* main.m */ = {isa = PBXFileReference; lastKnownFileType = sourcecode.c.objc; path = main.m; sourceTree = "<group>"; };
		321EC5811A2E35EB0069C2C1 /* AppDelegate.h */ = {isa = PBXFileReference; lastKnownFileType = sourcecode.c.h; path = AppDelegate.h; sourceTree = "<group>"; };
		321EC5821A2E35EB0069C2C1 /* AppDelegate.m */ = {isa = PBXFileReference; lastKnownFileType = sourcecode.c.objc; path = AppDelegate.m; sourceTree = "<group>"; };
		321EC5851A2E35EB0069C2C1 /* Example.xcdatamodel */ = {isa = PBXFileReference; lastKnownFileType = wrapper.xcdatamodel; path = Example.xcdatamodel; sourceTree = "<group>"; };
		321EC5871A2E35EB0069C2C1 /* ViewController.h */ = {isa = PBXFileReference; lastKnownFileType = sourcecode.c.h; path = ViewController.h; sourceTree = "<group>"; };
		321EC5881A2E35EB0069C2C1 /* ViewController.m */ = {isa = PBXFileReference; lastKnownFileType = sourcecode.c.objc; path = ViewController.m; sourceTree = "<group>"; };
		321EC58B1A2E35EB0069C2C1 /* Base */ = {isa = PBXFileReference; lastKnownFileType = file.storyboard; name = Base; path = Base.lproj/Main.storyboard; sourceTree = "<group>"; };
		321EC58D1A2E35EB0069C2C1 /* Images.xcassets */ = {isa = PBXFileReference; lastKnownFileType = folder.assetcatalog; path = Images.xcassets; sourceTree = "<group>"; };
		321EC5901A2E35EB0069C2C1 /* Base */ = {isa = PBXFileReference; lastKnownFileType = file.xib; name = Base; path = Base.lproj/LaunchScreen.xib; sourceTree = "<group>"; };
		321EC5961A2E35EB0069C2C1 /* ExampleTests.xctest */ = {isa = PBXFileReference; explicitFileType = wrapper.cfbundle; includeInIndex = 0; path = ExampleTests.xctest; sourceTree = BUILT_PRODUCTS_DIR; };
		321EC59B1A2E35EB0069C2C1 /* Info.plist */ = {isa = PBXFileReference; lastKnownFileType = text.plist.xml; path = Info.plist; sourceTree = "<group>"; };
		321EC59C1A2E35EB0069C2C1 /* ExampleTests.m */ = {isa = PBXFileReference; lastKnownFileType = sourcecode.c.objc; path = ExampleTests.m; sourceTree = "<group>"; };
/* End PBXFileReference section */

/* Begin PBXFrameworksBuildPhase section */
		321EC5771A2E35EB0069C2C1 /* Frameworks */ = {
			isa = PBXFrameworksBuildPhase;
			buildActionMask = 2147483647;
			files = (
			);
			runOnlyForDeploymentPostprocessing = 0;
		};
		321EC5931A2E35EB0069C2C1 /* Frameworks */ = {
			isa = PBXFrameworksBuildPhase;
			buildActionMask = 2147483647;
			files = (
			);
			runOnlyForDeploymentPostprocessing = 0;
		};
/* End PBXFrameworksBuildPhase section */

/* Begin PBXGroup section */
		321EC5711A2E35EA0069C2C1 = {
			isa = PBXGroup;
			children = (
				321EC57C1A2E35EB0069C2C1 /* Example */,
				321EC5991A2E35EB0069C2C1 /* ExampleTests */,
				321EC57B1A2E35EB0069C2C1 /* Products */,
			);
			sourceTree = "<group>";
		};
		321EC57B1A2E35EB0069C2C1 /* Products */ = {
			isa = PBXGroup;
			children = (
				321EC57A1A2E35EB0069C2C1 /* Example.app */,
				321EC5961A2E35EB0069C2C1 /* ExampleTests.xctest */,
			);
			name = Products;
			sourceTree = "<group>";
		};
		321EC57C1A2E35EB0069C2C1 /* Example */ = {
			isa = PBXGroup;
			children = (
				321EC5811A2E35EB0069C2C1 /* AppDelegate.h */,
				321EC5821A2E35EB0069C2C1 /* AppDelegate.m */,
				321EC5871A2E35EB0069C2C1 /* ViewController.h */,
				321EC5881A2E35EB0069C2C1 /* ViewController.m */,
				321EC58A1A2E35EB0069C2C1 /* Main.storyboard */,
				321EC58D1A2E35EB0069C2C1 /* Images.xcassets */,
				321EC58F1A2E35EB0069C2C1 /* LaunchScreen.xib */,
				321EC5841A2E35EB0069C2C1 /* Example.xcdatamodeld */,
				321EC57D1A2E35EB0069C2C1 /* Supporting Files */,
			);
			path = Example;
			sourceTree = "<group>";
		};
		321EC57D1A2E35EB0069C2C1 /* Supporting Files */ = {
			isa = PBXGroup;
			children = (
				321EC57E1A2E35EB0069C2C1 /* Info.plist */,
				321EC57F1A2E35EB0069C2C1 /* main.m */,
			);
			name = "Supporting Files";
			sourceTree = "<group>";
		};
		321EC5991A2E35EB0069C2C1 /* ExampleTests */ = {
			isa = PBXGroup;
			children = (
				321EC59C1A2E35EB0069C2C1 /* ExampleTests.m */,
				321EC59A1A2E35EB0069C2C1 /* Supporting Files */,
			);
			path = ExampleTests;
			sourceTree = "<group>";
		};
		321EC59A1A2E35EB0069C2C1 /* Supporting Files */ = {
			isa = PBXGroup;
			children = (
				321EC59B1A2E35EB0069C2C1 /* Info.plist */,
			);
			name = "Supporting Files";
			sourceTree = "<group>";
		};
/* End PBXGroup section */

/* Begin PBXNativeTarget section */
		321EC5791A2E35EB0069C2C1 /* Example */ = {
			isa = PBXNativeTarget;
			buildConfigurationList = 321EC5A01A2E35EB0069C2C1 /* Build configuration list for PBXNativeTarget "Example" */;
			buildPhases = (
				321EC5761A2E35EB0069C2C1 /* Sources */,
				321EC5771A2E35EB0069C2C1 /* Frameworks */,
				321EC5781A2E35EB0069C2C1 /* Resources */,
			);
			buildRules = (
			);
			dependencies = (
			);
			name = Example;
			productName = Example;
			productReference = 321EC57A1A2E35EB0069C2C1 /* Example.app */;
			productType = "com.apple.product-type.application";
		};
		321EC5951A2E35EB0069C2C1 /* ExampleTests */ = {
			isa = PBXNativeTarget;
			buildConfigurationList = 321EC5A31A2E35EB0069C2C1 /* Build configuration list for PBXNativeTarget "ExampleTests" */;
			buildPhases = (
				321EC5921A2E35EB0069C2C1 /* Sources */,
				321EC5931A2E35EB0069C2C1 /* Frameworks */,
				321EC5941A2E35EB0069C2C1 /* Resources */,
			);
			buildRules = (
			);
			dependencies = (
				321EC5981A2E35EB0069C2C1 /* PBXTargetDependency */,
			);
			name = ExampleTests;
			productName = ExampleTests;
			productReference = 321EC5961A2E35EB0069C2C1 /* ExampleTests.xctest */;
			productType = "com.apple.product-type.bundle.unit-test";
		};
/* End PBXNativeTarget section */

/* Begin PBXProject section */
		321EC5721A2E35EA0069C2C1 /* Project object */ = {
			isa = PBXProject;
			attributes = {
				LastUpgradeCheck = 0610;
				ORGANIZATIONNAME = "Rosetta Stone";
				TargetAttributes = {
					321EC5791A2E35EB0069C2C1 = {
						CreatedOnToolsVersion = 6.1;
					};
					321EC5951A2E35EB0069C2C1 = {
						CreatedOnToolsVersion = 6.1;
						TestTargetID = 321EC5791A2E35EB0069C2C1;
					};
				};
			};
			buildConfigurationList = 321EC5751A2E35EA0069C2C1 /* Build configuration list for PBXProject "Example" */;
			compatibilityVersion = "Xcode 3.2";
			developmentRegion = English;
			hasScannedForEncodings = 0;
			knownRegions = (
				en,
				Base,
			);
			mainGroup = 321EC5711A2E35EA0069C2C1;
			productRefGroup = 321EC57B1A2E35EB0069C2C1 /* Products */;
			projectDirPath = "";
			projectRoot = "";
			targets = (
				321EC5791A2E35EB0069C2C1 /* Example */,
				321EC5951A2E35EB0069C2C1 /* ExampleTests */,
			);
		};
/* End PBXProject section */

/* Begin PBXResourcesBuildPhase section */
		321EC5781A2E35EB0069C2C1 /* Resources */ = {
			isa = PBXResourcesBuildPhase;
			buildActionMask = 2147483647;
			files = (
				321EC58C1A2E35EB0069C2C1 /* Main.storyboard in Resources */,
				321EC5911A2E35EB0069C2C1 /* LaunchScreen.xib in Resources */,
				321EC58E1A2E35EB0069C2C1 /* Images.xcassets in Resources */,
			);
			runOnlyForDeploymentPostprocessing = 0;
		};
		321EC5941A2E35EB0069C2C1 /* Resources */ = {
			isa = PBXResourcesBuildPhase;
			buildActionMask = 2147483647;
			files = (
			);
			runOnlyForDeploymentPostprocessing = 0;
		};
/* End PBXResourcesBuildPhase section */

/* Begin PBXSourcesBuildPhase section */
		321EC5761A2E35EB0069C2C1 /* Sources */ = {
			isa = PBXSourcesBuildPhase;
			buildActionMask = 2147483647;
			files = (
				321EC5831A2E35EB0069C2C1 /* AppDelegate.m in Sources */,
				321EC5861A2E35EB0069C2C1 /* Example.xcdatamodeld in Sources */,
				321EC5891A2E35EB0069C2C1 /* ViewController.m in Sources */,
				321EC5801A2E35EB0069C2C1 /* main.m in Sources */,
			);
			runOnlyForDeploymentPostprocessing = 0;
		};
		321EC5921A2E35EB0069C2C1 /* Sources */ = {
			isa = PBXSourcesBuildPhase;
			buildActionMask = 2147483647;
			files = (
				321EC59D1A2E35EB0069C2C1 /* ExampleTests.m in Sources */,
			);
			runOnlyForDeploymentPostprocessing = 0;
		};
/* End PBXSourcesBuildPhase section */

/* Begin PBXTargetDependency section */
		321EC5981A2E35EB0069C2C1 /* PBXTargetDependency */ = {
			isa = PBXTargetDependency;
			target = 321EC5791A2E35EB0069C2C1 /* Example */;
			targetProxy = 321EC5971A2E35EB0069C2C1 /* PBXContainerItemProxy */;
		};
/* End PBXTargetDependency section */

/* Begin PBXVariantGroup section */
		321EC58A1A2E35EB0069C2C1 /* Main.storyboard */ = {
			isa = PBXVariantGroup;
			children = (
				321EC58B1A2E35EB0069C2C1 /* Base */,
			);
			name = Main.storyboard;
			sourceTree = "<group>";
		};
		321EC58F1A2E35EB0069C2C1 /* LaunchScreen.xib */ = {
			isa = PBXVariantGroup;
			children = (
				321EC5901A2E35EB0069C2C1 /* Base */,
			);
			name = LaunchScreen.xib;
			sourceTree = "<group>";
		};
/* End PBXVariantGroup section */

/* Begin XCBuildConfiguration section */
		321EC59E1A2E35EB0069C2C1 /* Debug */ = {
			isa = XCBuildConfiguration;
			buildSettings = {
				ALWAYS_SEARCH_USER_PATHS = NO;
				CLANG_CXX_LANGUAGE_STANDARD = "gnu++0x";
				CLANG_CXX_LIBRARY = "libc++";
				CLANG_ENABLE_MODULES = YES;
				CLANG_ENABLE_OBJC_ARC = YES;
				CLANG_WARN_BOOL_CONVERSION = YES;
				CLANG_WARN_CONSTANT_CONVERSION = YES;
				CLANG_WARN_DIRECT_OBJC_ISA_USAGE = YES_ERROR;
				CLANG_WARN_EMPTY_BODY = YES;
				CLANG_WARN_ENUM_CONVERSION = YES;
				CLANG_WARN_INT_CONVERSION = YES;
				CLANG_WARN_OBJC_ROOT_CLASS = YES_ERROR;
				CLANG_WARN_UNREACHABLE_CODE = YES;
				CLANG_WARN__DUPLICATE_METHOD_MATCH = YES;
				"CODE_SIGN_IDENTITY[sdk=iphoneos*]" = "iPhone Developer";
				COPY_PHASE_STRIP = NO;
				ENABLE_STRICT_OBJC_MSGSEND = YES;
				GCC_C_LANGUAGE_STANDARD = gnu99;
				GCC_DYNAMIC_NO_PIC = NO;
				GCC_OPTIMIZATION_LEVEL = 0;
				GCC_PREPROCESSOR_DEFINITIONS = (
					"DEBUG=1",
					"$(inherited)",
				);
				GCC_SYMBOLS_PRIVATE_EXTERN = NO;
				GCC_WARN_64_TO_32_BIT_CONVERSION = YES;
				GCC_WARN_ABOUT_RETURN_TYPE = YES_ERROR;
				GCC_WARN_UNDECLARED_SELECTOR = YES;
				GCC_WARN_UNINITIALIZED_AUTOS = YES_AGGRESSIVE;
				GCC_WARN_UNUSED_FUNCTION = YES;
				GCC_WARN_UNUSED_VARIABLE = YES;
				IPHONEOS_DEPLOYMENT_TARGET = 8.1;
				MTL_ENABLE_DEBUG_INFO = YES;
				ONLY_ACTIVE_ARCH = YES;
				SDKROOT = iphoneos;
				TARGETED_DEVICE_FAMILY = "1,2";
			};
			name = Debug;
		};
		321EC59F1A2E35EB0069C2C1 /* Release */ = {
			isa = XCBuildConfiguration;
			buildSettings = {
				ALWAYS_SEARCH_USER_PATHS = NO;
				CLANG_CXX_LANGUAGE_STANDARD = "gnu++0x";
				CLANG_CXX_LIBRARY = "libc++";
				CLANG_ENABLE_MODULES = YES;
				CLANG_ENABLE_OBJC_ARC = YES;
				CLANG_WARN_BOOL_CONVERSION = YES;
				CLANG_WARN_CONSTANT_CONVERSION = YES;
				CLANG_WARN_DIRECT_OBJC_ISA_USAGE = YES_ERROR;
				CLANG_WARN_EMPTY_BODY = YES;
				CLANG_WARN_ENUM_CONVERSION = YES;
				CLANG_WARN_INT_CONVERSION = YES;
				CLANG_WARN_OBJC_ROOT_CLASS = YES_ERROR;
				CLANG_WARN_UNREACHABLE_CODE = YES;
				CLANG_WARN__DUPLICATE_METHOD_MATCH = YES;
				"CODE_SIGN_IDENTITY[sdk=iphoneos*]" = "iPhone Developer";
				COPY_PHASE_STRIP = YES;
				ENABLE_NS_ASSERTIONS = NO;
				ENABLE_STRICT_OBJC_MSGSEND = YES;
				GCC_C_LANGUAGE_STANDARD = gnu99;
				GCC_WARN_64_TO_32_BIT_CONVERSION = YES;
				GCC_WARN_ABOUT_RETURN_TYPE = YES_ERROR;
				GCC_WARN_UNDECLARED_SELECTOR = YES;
				GCC_WARN_UNINITIALIZED_AUTOS = YES_AGGRESSIVE;
				GCC_WARN_UNUSED_FUNCTION = YES;
				GCC_WARN_UNUSED_VARIABLE = YES;
				IPHONEOS_DEPLOYMENT_TARGET = 8.1;
				MTL_ENABLE_DEBUG_INFO = NO;
				SDKROOT = iphoneos;
				TARGETED_DEVICE_FAMILY = "1,2";
				VALIDATE_PRODUCT = YES;
			};
			name = Release;
		};
		321EC5A11A2E35EB0069C2C1 /* Debug */ = {
			isa = XCBuildConfiguration;
			buildSettings = {
				ASSETCATALOG_COMPILER_APPICON_NAME = AppIcon;
				INFOPLIST_FILE = Example/Info.plist;
				LD_RUNPATH_SEARCH_PATHS = "$(inherited) @executable_path/Frameworks";
				PRODUCT_NAME = "$(TARGET_NAME)";
			};
			name = Debug;
		};
		321EC5A21A2E35EB0069C2C1 /* Release */ = {
			isa = XCBuildConfiguration;
			buildSettings = {
				ASSETCATALOG_COMPILER_APPICON_NAME = AppIcon;
				INFOPLIST_FILE = Example/Info.plist;
				LD_RUNPATH_SEARCH_PATHS = "$(inherited) @executable_path/Frameworks";
				PRODUCT_NAME = "$(TARGET_NAME)";
			};
			name = Release;
		};
		321EC5A41A2E35EB0069C2C1 /* Debug */ = {
			isa = XCBuildConfiguration;
			buildSettings = {
				BUNDLE_LOADER = "$(TEST_HOST)";
				FRAMEWORK_SEARCH_PATHS = (
					"$(SDKROOT)/Developer/Library/Frameworks",
					"$(inherited)",
				);
				GCC_PREPROCESSOR_DEFINITIONS = (
					"DEBUG=1",
					"$(inherited)",
				);
				INFOPLIST_FILE = ExampleTests/Info.plist;
				LD_RUNPATH_SEARCH_PATHS = "$(inherited) @executable_path/Frameworks @loader_path/Frameworks";
				PRODUCT_NAME = "$(TARGET_NAME)";
				TEST_HOST = "$(BUILT_PRODUCTS_DIR)/Example.app/Example";
			};
			name = Debug;
		};
		321EC5A51A2E35EB0069C2C1 /* Release */ = {
			isa = XCBuildConfiguration;
			buildSettings = {
				BUNDLE_LOADER = "$(TEST_HOST)";
				FRAMEWORK_SEARCH_PATHS = (
					"$(SDKROOT)/Developer/Library/Frameworks",
					"$(inherited)",
				);
				INFOPLIST_FILE = ExampleTests/Info.plist;
				LD_RUNPATH_SEARCH_PATHS = "$(inherited) @executable_path/Frameworks @loader_path/Frameworks";
				PRODUCT_NAME = "$(TARGET_NAME)";
				TEST_HOST = "$(BUILT_PRODUCTS_DIR)/Example.app/Example";
			};
			name = Release;
		};
/* End XCBuildConfiguration section */

/* Begin XCConfigurationList section */
		321EC5751A2E35EA0069C2C1 /* Build configuration list for PBXProject "Example" */ = {
			isa = XCConfigurationList;
			buildConfigurations = (
				321EC59E1A2E35EB0069C2C1 /* Debug */,
				321EC59F1A2E35EB0069C2C1 /* Release */,
			);
			defaultConfigurationIsVisible = 0;
			defaultConfigurationName = Release;
		};
		321EC5A01A2E35EB0069C2C1 /* Build configuration list for PBXNativeTarget "Example" */ = {
			isa = XCConfigurationList;
			buildConfigurations = (
				321EC5A11A2E35EB0069C2C1 /* Debug */,
				321EC5A21A2E35EB0069C2C1 /* Release */,
			);
			defaultConfigurationIsVisible = 0;
		};
		321EC5A31A2E35EB0069C2C1 /* Build configuration list for PBXNativeTarget "ExampleTests" */ = {
			isa = XCConfigurationList;
			buildConfigurations = (
				321EC5A41A2E35EB0069C2C1 /* Debug */,
				321EC5A51A2E35EB0069C2C1 /* Release */,
			);
			defaultConfigurationIsVisible = 0;
		};
/* End XCConfigurationList section */

/* Begin XCVersionGroup section */
		321EC5841A2E35EB0069C2C1 /* Example.xcdatamodeld */ = {
			isa = XCVersionGroup;
			children = (
				321EC5851A2E35EB0069C2C1 /* Example.xcdatamodel */,
			);
			currentVersion = 321EC5851A2E35EB0069C2C1 /* Example.xcdatamodel */;
			path = Example.xcdatamodeld;
			sourceTree = "<group>";
			versionGroupType = wrapper.xcdatamodel;
		};
/* End XCVersionGroup section */
	};
	rootObject = 321EC5721A2E35EA0069C2C1 /* Project object */;
}
